{
  "name": "angular2-meteor-base",
  "requires": true,
  "lockfileVersion": 1,
  "dependencies": {
    "angular2-meteor-polyfills": {
      "version": "0.1.1",
      "resolved": "https://registry.npmjs.org/angular2-meteor-polyfills/-/angular2-meteor-polyfills-0.1.1.tgz",
      "integrity": "sha1-XZXK4irx9NPn5O9owmAdp/yXPSY="
    },
    "babel-runtime": {
      "version": "6.26.0",
      "resolved": "https://registry.npmjs.org/babel-runtime/-/babel-runtime-6.26.0.tgz",
      "integrity": "sha1-llxwWGaOgrVde/4E/yM3vItWR/4=",
      "requires": {
        "core-js": "2.5.1",
        "regenerator-runtime": "0.11.0"
      }
    },
    "core-js": {
      "version": "2.5.1",
      "resolved": "https://registry.npmjs.org/core-js/-/core-js-2.5.1.tgz",
      "integrity": "sha1-rmh03GaTd4m4B1T/VCjfZoGcpQs="
    },
    "hammerjs": {
      "version": "2.0.8",
      "resolved": "https://registry.npmjs.org/hammerjs/-/hammerjs-2.0.8.tgz",
      "integrity": "sha1-BO93hiz/K7edMPdpIJWTAiK/YPE="
    },
    "jquery": {
      "version": "3.2.1",
      "resolved": "https://registry.npmjs.org/jquery/-/jquery-3.2.1.tgz",
      "integrity": "sha1-XE2d5lKvbNCncBVKYxu6ErAVx4c="
    },
    "materialize-css": {
      "version": "0.100.1",
      "resolved": "https://registry.npmjs.org/materialize-css/-/materialize-css-0.100.1.tgz",
      "integrity": "sha512-FMAC4R+DRA78ADNyDtfl7qcsT3y9fgVEWWNY9dq6keIVRxmwGFly7ZwNpXMJzf0qkqipEhLcx1rAIyj+hUJVKg==",
      "requires": {
        "hammerjs": "2.0.8",
        "jquery": "3.2.1"
      }
    },
    "parallax-element": {
      "version": "1.1.0",
      "resolved": "https://registry.npmjs.org/parallax-element/-/parallax-element-1.1.0.tgz",
      "integrity": "sha1-CXH9B+b8mAo4ntoaIlfdZfe1qLY="
    },
    "reflect-metadata": {
      "version": "0.1.9",
      "resolved": "https://registry.npmjs.org/reflect-metadata/-/reflect-metadata-0.1.9.tgz",
      "integrity": "sha1-mHI43IelFolf5FfxMENf+9djpNQ="
    },
    "regenerator-runtime": {
      "version": "0.11.0",
      "resolved": "https://registry.npmjs.org/regenerator-runtime/-/regenerator-runtime-0.11.0.tgz",
      "integrity": "sha512-/aA0kLeRb5N9K0d4fw7ooEbI+xDe+DKD499EQqygGqeS8N3xto15p09uY2xj7ixP81sNPXvRLnAQIqdVStgb1A=="
    },
    "rxjs": {
      "version": "5.0.2",
      "resolved": "https://registry.npmjs.org/rxjs/-/rxjs-5.0.2.tgz",
      "integrity": "sha1-zGUTdW2qk8q0CFwbWhmj4o+2xr8=",
      "requires": {
        "symbol-observable": "1.1.0"
      }
    },
    "symbol-observable": {
      "version": "1.1.0",
      "resolved": "https://registry.npmjs.org/symbol-observable/-/symbol-observable-1.1.0.tgz",
      "integrity": "sha512-dQoid9tqQ+uotGhuTKEY11X4xhyYePVnqGSoSm3OGKh2E8LZ6RPULp1uXTctk33IeERlrRJYoVSBglsL05F5Uw=="
    },
    "zone.js": {
      "version": "0.7.4",
      "resolved": "https://registry.npmjs.org/zone.js/-/zone.js-0.7.4.tgz",
      "integrity": "sha1-DmJP5bckRQ7kM0ld7/FcArOQjuA="
    }
  }
}
